
Microsoft Visual Studio Solution File, Format Version 12.00
# Visual Studio 14
VisualStudioVersion = 14.0.25420.1
MinimumVisualStudioVersion = 10.0.40219.1
Project("{FAE04EC0-301F-11D3-BF4B-00C04F79EFBC}") = "ViewBox", "ViewBoxContorl\ViewBox.csproj", "{FCC76157-2CA2-472F-97CB-80DEDF77CAF8}"
EndProject
Project("{FAE04EC0-301F-11D3-BF4B-00C04F79EFBC}") = "testViewBox", "testViewBox\testViewBox.csproj", "{5E1B2181-0A15-4044-B32A-87906C4858C6}"
EndProject
Global
	GlobalSection(Performance) = preSolution
		HasPerformanceSessions = true
	EndGlobalSection
	GlobalSection(SolutionConfigurationPlatforms) = preSolution
		Debug|Any CPU = Debug|Any CPU
		Release|Any CPU = Release|Any CPU
	EndGlobalSection
	GlobalSection(ProjectConfigurationPlatforms) = postSolution
		{FCC76157-2CA2-472F-97CB-80DEDF77CAF8}.Debug|Any CPU.ActiveCfg = Debug|Any CPU
		{FCC76157-2CA2-472F-97CB-80DEDF77CAF8}.Debug|Any CPU.Build.0 = Debug|Any CPU
		{FCC76157-2CA2-472F-97CB-80DEDF77CAF8}.Release|Any CPU.ActiveCfg = Release|Any CPU
		{FCC76157-2CA2-472F-97CB-80DEDF77CAF8}.Release|Any CPU.Build.0 = Release|Any CPU
		{5E1B2181-0A15-4044-B32A-87906C4858C6}.Debug|Any CPU.ActiveCfg = Debug|Any CPU
		{5E1B2181-0A15-4044-B32A-87906C4858C6}.Debug|Any CPU.Build.0 = Debug|Any CPU
		{5E1B2181-0A15-4044-B32A-87906C4858C6}.Release|Any CPU.ActiveCfg = Release|Any CPU
		{5E1B2181-0A15-4044-B32A-87906C4858C6}.Release|Any CPU.Build.0 = Release|Any CPU
	EndGlobalSection
	GlobalSection(SolutionProperties) = preSolution
		HideSolutionNode = FALSE
	EndGlobalSection
EndGlobal
